// !$*UTF8*$!
{
	archiveVersion = 1;
	classes = {
	};
	objectVersion = 46;
	objects = {

/* Begin PBXBuildFile section */
		7ADC669C1C89265D00F0AC3D /* main.m in Sources */ = {isa = PBXBuildFile; fileRef = 7ADC669B1C89265D00F0AC3D /* main.m */; };
		7ADC669F1C89265D00F0AC3D /* AppDelegate.m in Sources */ = {isa = PBXBuildFile; fileRef = 7ADC669E1C89265D00F0AC3D /* AppDelegate.m */; };
		7ADC66A21C89265D00F0AC3D /* ViewController.m in Sources */ = {isa = PBXBuildFile; fileRef = 7ADC66A11C89265D00F0AC3D /* ViewController.m */; };
		7ADC66A51C89265D00F0AC3D /* Main.storyboard in Resources */ = {isa = PBXBuildFile; fileRef = 7ADC66A31C89265D00F0AC3D /* Main.storyboard */; };
		7ADC66A71C89265D00F0AC3D /* Assets.xcassets in Resources */ = {isa = PBXBuildFile; fileRef = 7ADC66A61C89265D00F0AC3D /* Assets.xcassets */; };
		7ADC66AA1C89265D00F0AC3D /* LaunchScreen.storyboard in Resources */ = {isa = PBXBuildFile; fileRef = 7ADC66A81C89265D00F0AC3D /* LaunchScreen.storyboard */; };
		7ADC66B51C89265D00F0AC3D /* myItemTests.m in Sources */ = {isa = PBXBuildFile; fileRef = 7ADC66B41C89265D00F0AC3D /* myItemTests.m */; };
		7ADC66C01C89265D00F0AC3D /* myItemUITests.m in Sources */ = {isa = PBXBuildFile; fileRef = 7ADC66BF1C89265D00F0AC3D /* myItemUITests.m */; };
/* End PBXBuildFile section */

/* Begin PBXContainerItemProxy section */
		7ADC66B11C89265D00F0AC3D /* PBXContainerItemProxy */ = {
			isa = PBXContainerItemProxy;
			containerPortal = 7ADC668F1C89265D00F0AC3D /* Project object */;
			proxyType = 1;
			remoteGlobalIDString = 7ADC66961C89265D00F0AC3D;
			remoteInfo = myItem;
		};
		7ADC66BC1C89265D00F0AC3D /* PBXContainerItemProxy */ = {
			isa = PBXContainerItemProxy;
			containerPortal = 7ADC668F1C89265D00F0AC3D /* Project object */;
			proxyType = 1;
			remoteGlobalIDString = 7ADC66961C89265D00F0AC3D;
			remoteInfo = myItem;
		};
/* End PBXContainerItemProxy section */

/* Begin PBXFileReference section */
		7ADC66971C89265D00F0AC3D /* myItem.app */ = {isa = PBXFileReference; explicitFileType = wrapper.application; includeInIndex = 0; path = myItem.app; sourceTree = BUILT_PRODUCTS_DIR; };
		7ADC669B1C89265D00F0AC3D /* main.m */ = {isa = PBXFileReference; lastKnownFileType = sourcecode.c.objc; path = main.m; sourceTree = "<group>"; };
		7ADC669D1C89265D00F0AC3D /* AppDelegate.h */ = {isa = PBXFileReference; lastKnownFileType = sourcecode.c.h; path = AppDelegate.h; sourceTree = "<group>"; };
		7ADC669E1C89265D00F0AC3D /* AppDelegate.m */ = {isa = PBXFileReference; lastKnownFileType = sourcecode.c.objc; path = AppDelegate.m; sourceTree = "<group>"; };
		7ADC66A01C89265D00F0AC3D /* ViewController.h */ = {isa = PBXFileReference; lastKnownFileType = sourcecode.c.h; path = ViewController.h; sourceTree = "<group>"; };
		7ADC66A11C89265D00F0AC3D /* ViewController.m */ = {isa = PBXFileReference; lastKnownFileType = sourcecode.c.objc; path = ViewController.m; sourceTree = "<group>"; };
		7ADC66A41C89265D00F0AC3D /* Base */ = {isa = PBXFileReference; lastKnownFileType = file.storyboard; name = Base; path = Base.lproj/Main.storyboard; sourceTree = "<group>"; };
		7ADC66A61C89265D00F0AC3D /* Assets.xcassets */ = {isa = PBXFileReference; lastKnownFileType = folder.assetcatalog; path = Assets.xcassets; sourceTree = "<group>"; };
		7ADC66A91C89265D00F0AC3D /* Base */ = {isa = PBXFileReference; lastKnownFileType = file.storyboard; name = Base; path = Base.lproj/LaunchScreen.storyboard; sourceTree = "<group>"; };
		7ADC66AB1C89265D00F0AC3D /* Info.plist */ = {isa = PBXFileReference; lastKnownFileType = text.plist.xml; path = Info.plist; sourceTree = "<group>"; };
		7ADC66B01C89265D00F0AC3D /* myItemTests.xctest */ = {isa = PBXFileReference; explicitFileType = wrapper.cfbundle; includeInIndex = 0; path = myItemTests.xctest; sourceTree = BUILT_PRODUCTS_DIR; };
		7ADC66B41C89265D00F0AC3D /* myItemTests.m */ = {isa = PBXFileReference; lastKnownFileType = sourcecode.c.objc; path = myItemTests.m; sourceTree = "<group>"; };
		7ADC66B61C89265D00F0AC3D /* Info.plist */ = {isa = PBXFileReference; lastKnownFileType = text.plist.xml; path = Info.plist; sourceTree = "<group>"; };
		7ADC66BB1C89265D00F0AC3D /* myItemUITests.xctest */ = {isa = PBXFileReference; explicitFileType = wrapper.cfbundle; includeInIndex = 0; path = myItemUITests.xctest; sourceTree = BUILT_PRODUCTS_DIR; };
		7ADC66BF1C89265D00F0AC3D /* myItemUITests.m */ = {isa = PBXFileReference; lastKnownFileType = sourcecode.c.objc; path = myItemUITests.m; sourceTree = "<group>"; };
		7ADC66C11C89265D00F0AC3D /* Info.plist */ = {isa = PBXFileReference; lastKnownFileType = text.plist.xml; path = Info.plist; sourceTree = "<group>"; };
/* End PBXFileReference section */

/* Begin PBXFrameworksBuildPhase section */
		7ADC66941C89265D00F0AC3D /* Frameworks */ = {
			isa = PBXFrameworksBuildPhase;
			buildActionMask = 2147483647;
			files = (
			);
			runOnlyForDeploymentPostprocessing = 0;
		};
		7ADC66AD1C89265D00F0AC3D /* Frameworks */ = {
			isa = PBXFrameworksBuildPhase;
			buildActionMask = 2147483647;
			files = (
			);
			runOnlyForDeploymentPostprocessing = 0;
		};
		7ADC66B81C89265D00F0AC3D /* Frameworks */ = {
			isa = PBXFrameworksBuildPhase;
			buildActionMask = 2147483647;
			files = (
			);
			runOnlyForDeploymentPostprocessing = 0;
		};
/* End PBXFrameworksBuildPhase section */

/* Begin PBXGroup section */
		7ADC668E1C89265D00F0AC3D = {
			isa = PBXGroup;
			children = (
				7ADC66991C89265D00F0AC3D /* myItem */,
				7ADC66B31C89265D00F0AC3D /* myItemTests */,
				7ADC66BE1C89265D00F0AC3D /* myItemUITests */,
				7ADC66981C89265D00F0AC3D /* Products */,
			);
			sourceTree = "<group>";
		};
		7ADC66981C89265D00F0AC3D /* Products */ = {
			isa = PBXGroup;
			children = (
				7ADC66971C89265D00F0AC3D /* myItem.app */,
				7ADC66B01C89265D00F0AC3D /* myItemTests.xctest */,
				7ADC66BB1C89265D00F0AC3D /* myItemUITests.xctest */,
			);
			name = Products;
			sourceTree = "<group>";
		};
		7ADC66991C89265D00F0AC3D /* myItem */ = {
			isa = PBXGroup;
			children = (
				7ADC669D1C89265D00F0AC3D /* AppDelegate.h */,
				7ADC669E1C89265D00F0AC3D /* AppDelegate.m */,
				7ADC66A01C89265D00F0AC3D /* ViewController.h */,
				7ADC66A11C89265D00F0AC3D /* ViewController.m */,
				7ADC66A31C89265D00F0AC3D /* Main.storyboard */,
				7ADC66A61C89265D00F0AC3D /* Assets.xcassets */,
				7ADC66A81C89265D00F0AC3D /* LaunchScreen.storyboard */,
				7ADC66AB1C89265D00F0AC3D /* Info.plist */,
				7ADC669A1C89265D00F0AC3D /* Supporting Files */,
			);
			path = myItem;
			sourceTree = "<group>";
		};
		7ADC669A1C89265D00F0AC3D /* Supporting Files */ = {
			isa = PBXGroup;
			children = (
				7ADC669B1C89265D00F0AC3D /* main.m */,
			);
			name = "Supporting Files";
			sourceTree = "<group>";
		};
		7ADC66B31C89265D00F0AC3D /* myItemTests */ = {
			isa = PBXGroup;
			children = (
				7ADC66B41C89265D00F0AC3D /* myItemTests.m */,
				7ADC66B61C89265D00F0AC3D /* Info.plist */,
			);
			path = myItemTests;
			sourceTree = "<group>";
		};
		7ADC66BE1C89265D00F0AC3D /* myItemUITests */ = {
			isa = PBXGroup;
			children = (
				7ADC66BF1C89265D00F0AC3D /* myItemUITests.m */,
				7ADC66C11C89265D00F0AC3D /* Info.plist */,
			);
			path = myItemUITests;
			sourceTree = "<group>";
		};
/* End PBXGroup section */

/* Begin PBXNativeTarget section */
		7ADC66961C89265D00F0AC3D /* myItem */ = {
			isa = PBXNativeTarget;
			buildConfigurationList = 7ADC66C41C89265D00F0AC3D /* Build configuration list for PBXNativeTarget "myItem" */;
			buildPhases = (
				7ADC66931C89265D00F0AC3D /* Sources */,
				7ADC66941C89265D00F0AC3D /* Frameworks */,
				7ADC66951C89265D00F0AC3D /* Resources */,
			);
			buildRules = (
			);
			dependencies = (
			);
			name = myItem;
			productName = myItem;
			productReference = 7ADC66971C89265D00F0AC3D /* myItem.app */;
			productType = "com.apple.product-type.application";
		};
		7ADC66AF1C89265D00F0AC3D /* myItemTests */ = {
			isa = PBXNativeTarget;
			buildConfigurationList = 7ADC66C71C89265D00F0AC3D /* Build configuration list for PBXNativeTarget "myItemTests" */;
			buildPhases = (
				7ADC66AC1C89265D00F0AC3D /* Sources */,
				7ADC66AD1C89265D00F0AC3D /* Frameworks */,
				7ADC66AE1C89265D00F0AC3D /* Resources */,
			);
			buildRules = (
			);
			dependencies = (
				7ADC66B21C89265D00F0AC3D /* PBXTargetDependency */,
			);
			name = myItemTests;
			productName = myItemTests;
			productReference = 7ADC66B01C89265D00F0AC3D /* myItemTests.xctest */;
			productType = "com.apple.product-type.bundle.unit-test";
		};
		7ADC66BA1C89265D00F0AC3D /* myItemUITests */ = {
			isa = PBXNativeTarget;
			buildConfigurationList = 7ADC66CA1C89265D00F0AC3D /* Build configuration list for PBXNativeTarget "myItemUITests" */;
			buildPhases = (
				7ADC66B71C89265D00F0AC3D /* Sources */,
				7ADC66B81C89265D00F0AC3D /* Frameworks */,
				7ADC66B91C89265D00F0AC3D /* Resources */,
			);
			buildRules = (
			);
			dependencies = (
				7ADC66BD1C89265D00F0AC3D /* PBXTargetDependency */,
			);
			name = myItemUITests;
			productName = myItemUITests;
			productReference = 7ADC66BB1C89265D00F0AC3D /* myItemUITests.xctest */;
			productType = "com.apple.product-type.bundle.ui-testing";
		};
/* End PBXNativeTarget section */

/* Begin PBXProject section */
		7ADC668F1C89265D00F0AC3D /* Project object */ = {
			isa = PBXProject;
			attributes = {
				LastUpgradeCheck = 0710;
				ORGANIZATIONNAME = wp;
				TargetAttributes = {
					7ADC66961C89265D00F0AC3D = {
						CreatedOnToolsVersion = 7.1.1;
						DevelopmentTeam = 3UB3GDU5TR;
					};
					7ADC66AF1C89265D00F0AC3D = {
						CreatedOnToolsVersion = 7.1.1;
						DevelopmentTeam = 3UB3GDU5TR;
						TestTargetID = 7ADC66961C89265D00F0AC3D;
					};
					7ADC66BA1C89265D00F0AC3D = {
						CreatedOnToolsVersion = 7.1.1;
						DevelopmentTeam = 3UB3GDU5TR;
						TestTargetID = 7ADC66961C89265D00F0AC3D;
					};
				};
			};
			buildConfigurationList = 7ADC66921C89265D00F0AC3D /* Build configuration list for PBXProject "myItem" */;
			compatibilityVersion = "Xcode 3.2";
			developmentRegion = English;
			hasScannedForEncodings = 0;
			knownRegions = (
				en,
				Base,
			);
			mainGroup = 7ADC668E1C89265D00F0AC3D;
			productRefGroup = 7ADC66981C89265D00F0AC3D /* Products */;
			projectDirPath = "";
			projectRoot = "";
			targets = (
				7ADC66961C89265D00F0AC3D /* myItem */,
				7ADC66AF1C89265D00F0AC3D /* myItemTests */,
				7ADC66BA1C89265D00F0AC3D /* myItemUITests */,
			);
		};
/* End PBXProject section */

/* Begin PBXResourcesBuildPhase section */
		7ADC66951C89265D00F0AC3D /* Resources */ = {
			isa = PBXResourcesBuildPhase;
			buildActionMask = 2147483647;
			files = (
				7ADC66AA1C89265D00F0AC3D /* LaunchScreen.storyboard in Resources */,
				7ADC66A71C89265D00F0AC3D /* Assets.xcassets in Resources */,
				7ADC66A51C89265D00F0AC3D /* Main.storyboard in Resources */,
			);
			runOnlyForDeploymentPostprocessing = 0;
		};
		7ADC66AE1C89265D00F0AC3D /* Resources */ = {
			isa = PBXResourcesBuildPhase;
			buildActionMask = 2147483647;
			files = (
			);
			runOnlyForDeploymentPostprocessing = 0;
		};
		7ADC66B91C89265D00F0AC3D /* Resources */ = {
			isa = PBXResourcesBuildPhase;
			buildActionMask = 2147483647;
			files = (
			);
			runOnlyForDeploymentPostprocessing = 0;
		};
/* End PBXResourcesBuildPhase section */

/* Begin PBXSourcesBuildPhase section */
		7ADC66931C89265D00F0AC3D /* Sources */ = {
			isa = PBXSourcesBuildPhase;
			buildActionMask = 2147483647;
			files = (
				7ADC66A21C89265D00F0AC3D /* ViewController.m in Sources */,
				7ADC669F1C89265D00F0AC3D /* AppDelegate.m in Sources */,
				7ADC669C1C89265D00F0AC3D /* main.m in Sources */,
			);
			runOnlyForDeploymentPostprocessing = 0;
		};
		7ADC66AC1C89265D00F0AC3D /* Sources */ = {
			isa = PBXSourcesBuildPhase;
			buildActionMask = 2147483647;
			files = (
				7ADC66B51C89265D00F0AC3D /* myItemTests.m in Sources */,
			);
			runOnlyForDeploymentPostprocessing = 0;
		};
		7ADC66B71C89265D00F0AC3D /* Sources */ = {
			isa = PBXSourcesBuildPhase;
			buildActionMask = 2147483647;
			files = (
				7ADC66C01C89265D00F0AC3D /* myItemUITests.m in Sources */,
			);
			runOnlyForDeploymentPostprocessing = 0;
		};
/* End PBXSourcesBuildPhase section */

/* Begin PBXTargetDependency section */
		7ADC66B21C89265D00F0AC3D /* PBXTargetDependency */ = {
			isa = PBXTargetDependency;
			target = 7ADC66961C89265D00F0AC3D /* myItem */;
			targetProxy = 7ADC66B11C89265D00F0AC3D /* PBXContainerItemProxy */;
		};
		7ADC66BD1C89265D00F0AC3D /* PBXTargetDependency */ = {
			isa = PBXTargetDependency;
			target = 7ADC66961C89265D00F0AC3D /* myItem */;
			targetProxy = 7ADC66BC1C89265D00F0AC3D /* PBXContainerItemProxy */;
		};
/* End PBXTargetDependency section */

/* Begin PBXVariantGroup section */
		7ADC66A31C89265D00F0AC3D /* Main.storyboard */ = {
			isa = PBXVariantGroup;
			children = (
				7ADC66A41C89265D00F0AC3D /* Base */,
			);
			name = Main.storyboard;
			sourceTree = "<group>";
		};
		7ADC66A81C89265D00F0AC3D /* LaunchScreen.storyboard */ = {
			isa = PBXVariantGroup;
			children = (
				7ADC66A91C89265D00F0AC3D /* Base */,
			);
			name = LaunchScreen.storyboard;
			sourceTree = "<group>";
		};
/* End PBXVariantGroup section */

/* Begin XCBuildConfiguration section */
		7ADC66C21C89265D00F0AC3D /* Debug */ = {
			isa = XCBuildConfiguration;
			buildSettings = {
				ALWAYS_SEARCH_USER_PATHS = NO;
				CLANG_CXX_LANGUAGE_STANDARD = "gnu++0x";
				CLANG_CXX_LIBRARY = "libc++";
				CLANG_ENABLE_MODULES = YES;
				CLANG_ENABLE_OBJC_ARC = YES;
				CLANG_WARN_BOOL_CONVERSION = YES;
				CLANG_WARN_CONSTANT_CONVERSION = YES;
				CLANG_WARN_DIRECT_OBJC_ISA_USAGE = YES_ERROR;
				CLANG_WARN_EMPTY_BODY = YES;
				CLANG_WARN_ENUM_CONVERSION = YES;
				CLANG_WARN_INT_CONVERSION = YES;
				CLANG_WARN_OBJC_ROOT_CLASS = YES_ERROR;
				CLANG_WARN_UNREACHABLE_CODE = YES;
				CLANG_WARN__DUPLICATE_METHOD_MATCH = YES;
				"CODE_SIGN_IDENTITY[sdk=iphoneos*]" = "iPhone Developer";
				COPY_PHASE_STRIP = NO;
				DEBUG_INFORMATION_FORMAT = dwarf;
				ENABLE_STRICT_OBJC_MSGSEND = YES;
				ENABLE_TESTABILITY = YES;
				GCC_C_LANGUAGE_STANDARD = gnu99;
				GCC_DYNAMIC_NO_PIC = NO;
				GCC_NO_COMMON_BLOCKS = YES;
				GCC_OPTIMIZATION_LEVEL = 0;
				GCC_PREPROCESSOR_DEFINITIONS = (
					"DEBUG=1",
					"$(inherited)",
				);
				GCC_WARN_64_TO_32_BIT_CONVERSION = YES;
				GCC_WARN_ABOUT_RETURN_TYPE = YES_ERROR;
				GCC_WARN_UNDECLARED_SELECTOR = YES;
				GCC_WARN_UNINITIALIZED_AUTOS = YES_AGGRESSIVE;
				GCC_WARN_UNUSED_FUNCTION = YES;
				GCC_WARN_UNUSED_VARIABLE = YES;
				IPHONEOS_DEPLOYMENT_TARGET = 9.1;
				MTL_ENABLE_DEBUG_INFO = YES;
				ONLY_ACTIVE_ARCH = YES;
				SDKROOT = iphoneos;
			};
			name = Debug;
		};
		7ADC66C31C89265D00F0AC3D /* Release */ = {
			isa = XCBuildConfiguration;
			buildSettings = {
				ALWAYS_SEARCH_USER_PATHS = NO;
				CLANG_CXX_LANGUAGE_STANDARD = "gnu++0x";
				CLANG_CXX_LIBRARY = "libc++";
				CLANG_ENABLE_MODULES = YES;
				CLANG_ENABLE_OBJC_ARC = YES;
				CLANG_WARN_BOOL_CONVERSION = YES;
				CLANG_WARN_CONSTANT_CONVERSION = YES;
				CLANG_WARN_DIRECT_OBJC_ISA_USAGE = YES_ERROR;
				CLANG_WARN_EMPTY_BODY = YES;
				CLANG_WARN_ENUM_CONVERSION = YES;
				CLANG_WARN_INT_CONVERSION = YES;
				CLANG_WARN_OBJC_ROOT_CLASS = YES_ERROR;
				CLANG_WARN_UNREACHABLE_CODE = YES;
				CLANG_WARN__DUPLICATE_METHOD_MATCH = YES;
				"CODE_SIGN_IDENTITY[sdk=iphoneos*]" = "iPhone Developer";
				COPY_PHASE_STRIP = NO;
				DEBUG_INFORMATION_FORMAT = "dwarf-with-dsym";
				ENABLE_NS_ASSERTIONS = NO;
				ENABLE_STRICT_OBJC_MSGSEND = YES;
				GCC_C_LANGUAGE_STANDARD = gnu99;
				GCC_NO_COMMON_BLOCKS = YES;
				GCC_WARN_64_TO_32_BIT_CONVERSION = YES;
				GCC_WARN_ABOUT_RETURN_TYPE = YES_ERROR;
				GCC_WARN_UNDECLARED_SELECTOR = YES;
				GCC_WARN_UNINITIALIZED_AUTOS = YES_AGGRESSIVE;
				GCC_WARN_UNUSED_FUNCTION = YES;
				GCC_WARN_UNUSED_VARIABLE = YES;
				IPHONEOS_DEPLOYMENT_TARGET = 9.1;
				MTL_ENABLE_DEBUG_INFO = NO;
				SDKROOT = iphoneos;
				VALIDATE_PRODUCT = YES;
			};
			name = Release;
		};
		7ADC66C51C89265D00F0AC3D /* Debug */ = {
			isa = XCBuildConfiguration;
			buildSettings = {
				ASSETCATALOG_COMPILER_APPICON_NAME = AppIcon;
				INFOPLIST_FILE = myItem/Info.plist;
				LD_RUNPATH_SEARCH_PATHS = "$(inherited) @executable_path/Frameworks";
				PRODUCT_BUNDLE_IDENTIFIER = wp.myItem;
				PRODUCT_NAME = "$(TARGET_NAME)";
			};
			name = Debug;
		};
		7ADC66C61C89265D00F0AC3D /* Release */ = {
			isa = XCBuildConfiguration;
			buildSettings = {
				ASSETCATALOG_COMPILER_APPICON_NAME = AppIcon;
				INFOPLIST_FILE = myItem/Info.plist;
				LD_RUNPATH_SEARCH_PATHS = "$(inherited) @executable_path/Frameworks";
				PRODUCT_BUNDLE_IDENTIFIER = wp.myItem;
				PRODUCT_NAME = "$(TARGET_NAME)";
			};
			name = Release;
		};
		7ADC66C81C89265D00F0AC3D /* Debug */ = {
			isa = XCBuildConfiguration;
			buildSettings = {
				BUNDLE_LOADER = "$(TEST_HOST)";
				INFOPLIST_FILE = myItemTests/Info.plist;
				LD_RUNPATH_SEARCH_PATHS = "$(inherited) @executable_path/Frameworks @loader_path/Frameworks";
				PRODUCT_BUNDLE_IDENTIFIER = wp.myItemTests;
				PRODUCT_NAME = "$(TARGET_NAME)";
				TEST_HOST = "$(BUILT_PRODUCTS_DIR)/myItem.app/myItem";
			};
			name = Debug;
		};
		7ADC66C91C89265D00F0AC3D /* Release */ = {
			isa = XCBuildConfiguration;
			buildSettings = {
				BUNDLE_LOADER = "$(TEST_HOST)";
				INFOPLIST_FILE = myItemTests/Info.plist;
				LD_RUNPATH_SEARCH_PATHS = "$(inherited) @executable_path/Frameworks @loader_path/Frameworks";
				PRODUCT_BUNDLE_IDENTIFIER = wp.myItemTests;
				PRODUCT_NAME = "$(TARGET_NAME)";
				TEST_HOST = "$(BUILT_PRODUCTS_DIR)/myItem.app/myItem";
			};
			name = Release;
		};
		7ADC66CB1C89265D00F0AC3D /* Debug */ = {
			isa = XCBuildConfiguration;
			buildSettings = {
				INFOPLIST_FILE = myItemUITests/Info.plist;
				LD_RUNPATH_SEARCH_PATHS = "$(inherited) @executable_path/Frameworks @loader_path/Frameworks";
				PRODUCT_BUNDLE_IDENTIFIER = wp.myItemUITests;
				PRODUCT_NAME = "$(TARGET_NAME)";
				TEST_TARGET_NAME = myItem;
				USES_XCTRUNNER = YES;
			};
			name = Debug;
		};
		7ADC66CC1C89265D00F0AC3D /* Release */ = {
			isa = XCBuildConfiguration;
			buildSettings = {
				INFOPLIST_FILE = myItemUITests/Info.plist;
				LD_RUNPATH_SEARCH_PATHS = "$(inherited) @executable_path/Frameworks @loader_path/Frameworks";
				PRODUCT_BUNDLE_IDENTIFIER = wp.myItemUITests;
				PRODUCT_NAME = "$(TARGET_NAME)";
				TEST_TARGET_NAME = myItem;
				USES_XCTRUNNER = YES;
			};
			name = Release;
		};
/* End XCBuildConfiguration section */

/* Begin XCConfigurationList section */
		7ADC66921C89265D00F0AC3D /* Build configuration list for PBXProject "myItem" */ = {
			isa = XCConfigurationList;
			buildConfigurations = (
				7ADC66C21C89265D00F0AC3D /* Debug */,
				7ADC66C31C89265D00F0AC3D /* Release */,
			);
			defaultConfigurationIsVisible = 0;
			defaultConfigurationName = Release;
		};
		7ADC66C41C89265D00F0AC3D /* Build configuration list for PBXNativeTarget "myItem" */ = {
			isa = XCConfigurationList;
			buildConfigurations = (
				7ADC66C51C89265D00F0AC3D /* Debug */,
				7ADC66C61C89265D00F0AC3D /* Release */,
			);
			defaultConfigurationIsVisible = 0;
		};
		7ADC66C71C89265D00F0AC3D /* Build configuration list for PBXNativeTarget "myItemTests" */ = {
			isa = XCConfigurationList;
			buildConfigurations = (
				7ADC66C81C89265D00F0AC3D /* Debug */,
				7ADC66C91C89265D00F0AC3D /* Release */,
			);
			defaultConfigurationIsVisible = 0;
		};
		7ADC66CA1C89265D00F0AC3D /* Build configuration list for PBXNativeTarget "myItemUITests" */ = {
			isa = XCConfigurationList;
			buildConfigurations = (
				7ADC66CB1C89265D00F0AC3D /* Debug */,
				7ADC66CC1C89265D00F0AC3D /* Release */,
			);
			defaultConfigurationIsVisible = 0;
		};
/* End XCConfigurationList section */
	};
	rootObject = 7ADC668F1C89265D00F0AC3D /* Project object */;
}
